
Microsoft Visual Studio Solution File, Format Version 12.00
# Visual Studio 14
VisualStudioVersion = 14.0.25420.1
MinimumVisualStudioVersion = 10.0.40219.1
Project("{FAE04EC0-301F-11D3-BF4B-00C04F79EFBC}") = "Application Code", "ApplicationCode\Application Code.csproj", "{FD920D3E-A767-4E52-AD5F-2922FE8E7186}"
EndProject
Project("{FAE04EC0-301F-11D3-BF4B-00C04F79EFBC}") = "General Utilities", "Utilities\General Utilities.csproj", "{521573BD-AA1D-44C7-8C7D-87A300E343AF}"
EndProject
Project("{FAE04EC0-301F-11D3-BF4B-00C04F79EFBC}") = "Form Application", "Form Application\Form Application.csproj", "{72AB7C70-1243-4755-BBEB-37BFF4721168}"
EndProject
Project("{FAE04EC0-301F-11D3-BF4B-00C04F79EFBC}") = "Unit Tests", "Unit Tests\Unit Tests.csproj", "{F2A9D131-FBD4-468D-92D2-8EC1540B0DDA}"
EndProject
Project("{FAE04EC0-301F-11D3-BF4B-00C04F79EFBC}") = "Forms-based Unit Tests", "Forms-based Unit Tests\Forms-based Unit Tests.csproj", "{11CD3020-D2C7-41A8-BC89-8C469DF1F699}"
EndProject
Global
	GlobalSection(SolutionConfigurationPlatforms) = preSolution
		Debug|Any CPU = Debug|Any CPU
		Release|Any CPU = Release|Any CPU
	EndGlobalSection
	GlobalSection(ProjectConfigurationPlatforms) = postSolution
		{FD920D3E-A767-4E52-AD5F-2922FE8E7186}.Debug|Any CPU.ActiveCfg = Debug|Any CPU
		{FD920D3E-A767-4E52-AD5F-2922FE8E7186}.Debug|Any CPU.Build.0 = Debug|Any CPU
		{FD920D3E-A767-4E52-AD5F-2922FE8E7186}.Release|Any CPU.ActiveCfg = Release|Any CPU
		{FD920D3E-A767-4E52-AD5F-2922FE8E7186}.Release|Any CPU.Build.0 = Release|Any CPU
		{521573BD-AA1D-44C7-8C7D-87A300E343AF}.Debug|Any CPU.ActiveCfg = Debug|Any CPU
		{521573BD-AA1D-44C7-8C7D-87A300E343AF}.Debug|Any CPU.Build.0 = Debug|Any CPU
		{521573BD-AA1D-44C7-8C7D-87A300E343AF}.Release|Any CPU.ActiveCfg = Release|Any CPU
		{521573BD-AA1D-44C7-8C7D-87A300E343AF}.Release|Any CPU.Build.0 = Release|Any CPU
		{72AB7C70-1243-4755-BBEB-37BFF4721168}.Debug|Any CPU.ActiveCfg = Debug|Any CPU
		{72AB7C70-1243-4755-BBEB-37BFF4721168}.Debug|Any CPU.Build.0 = Debug|Any CPU
		{72AB7C70-1243-4755-BBEB-37BFF4721168}.Release|Any CPU.ActiveCfg = Release|Any CPU
		{72AB7C70-1243-4755-BBEB-37BFF4721168}.Release|Any CPU.Build.0 = Release|Any CPU
		{F2A9D131-FBD4-468D-92D2-8EC1540B0DDA}.Debug|Any CPU.ActiveCfg = Debug|Any CPU
		{F2A9D131-FBD4-468D-92D2-8EC1540B0DDA}.Debug|Any CPU.Build.0 = Debug|Any CPU
		{F2A9D131-FBD4-468D-92D2-8EC1540B0DDA}.Release|Any CPU.ActiveCfg = Release|Any CPU
		{F2A9D131-FBD4-468D-92D2-8EC1540B0DDA}.Release|Any CPU.Build.0 = Release|Any CPU
		{11CD3020-D2C7-41A8-BC89-8C469DF1F699}.Debug|Any CPU.ActiveCfg = Debug|Any CPU
		{11CD3020-D2C7-41A8-BC89-8C469DF1F699}.Debug|Any CPU.Build.0 = Debug|Any CPU
		{11CD3020-D2C7-41A8-BC89-8C469DF1F699}.Release|Any CPU.ActiveCfg = Release|Any CPU
		{11CD3020-D2C7-41A8-BC89-8C469DF1F699}.Release|Any CPU.Build.0 = Release|Any CPU
	EndGlobalSection
	GlobalSection(SolutionProperties) = preSolution
		HideSolutionNode = FALSE
	EndGlobalSection
EndGlobal
